# THIS IS AN AUTOGENERATED FILE. DO NOT EDIT THIS FILE DIRECTLY.
# yarn lockfile v1


"@codemirror/rangeset@^0.19.5":
  "integrity" "sha512-V8YUuOvK+ew87Xem+71nKcqu1SXd5QROMRLMS/ljT5/3MCxtgrRie1Cvild0G/Z2f1fpWxzX78V0U4jjXBorBQ=="
  "resolved" "https://registry.npmmirror.com/@codemirror/rangeset/-/rangeset-0.19.9.tgz"
  "version" "0.19.9"
  dependencies:
    "@codemirror/state" "^0.19.0"

"@codemirror/state@^0.19.0", "@codemirror/state@^0.19.3", "@codemirror/state@^0.19.6":
  "integrity" "sha512-psOzDolKTZkx4CgUqhBQ8T8gBc0xN5z4gzed109aF6x7D7umpDRoimacI/O6d9UGuyl4eYuDCZmDFr2Rq7aGOw=="
  "resolved" "https://registry.npmmirror.com/@codemirror/state/-/state-0.19.9.tgz"
  "version" "0.19.9"
  dependencies:
    "@codemirror/text" "^0.19.0"

"@codemirror/text@^0.19.0":
  "integrity" "sha512-T9jnREMIygx+TPC1bOuepz18maGq/92q2a+n4qTqObKwvNMg+8cMTslb8yxeEDEq7S3kpgGWxgO1UWbQRij0dA=="
  "resolved" "https://registry.npmmirror.com/@codemirror/text/-/text-0.19.6.tgz"
  "version" "0.19.6"

"@codemirror/view@^0.19.31":
  "integrity" "sha512-0eg7D2Nz4S8/caetCTz61rK0tkHI17V/d15Jy0kLOT8dTLGGNJUponDnW28h2B6bERmPlVHKh8MJIr5OCp1nGw=="
  "resolved" "https://registry.npmmirror.com/@codemirror/view/-/view-0.19.48.tgz"
  "version" "0.19.48"
  dependencies:
    "@codemirror/rangeset" "^0.19.5"
    "@codemirror/state" "^0.19.3"
    "@codemirror/text" "^0.19.0"
    "style-mod" "^4.0.0"
    "w3c-keyname" "^2.2.4"

"@nodelib/fs.scandir@2.1.5":
  "integrity" "sha512-vq24Bq3ym5HEQm2NKCr3yXDwjc7vTsEThRDnkp2DK9p1uqLR+DHurm/NOTo0KG7HYHU7eppKZj3MyqYuMBf62g=="
  "resolved" "https://registry.npmmirror.com/@nodelib/fs.scandir/-/fs.scandir-2.1.5.tgz"
  "version" "2.1.5"
  dependencies:
    "@nodelib/fs.stat" "2.0.5"
    "run-parallel" "^1.1.9"

"@nodelib/fs.stat@^2.0.2", "@nodelib/fs.stat@2.0.5":
  "integrity" "sha512-RkhPPp2zrqDAQA/2jNhnztcPAlv64XdhIp7a7454A5ovI7Bukxgt7MX7udwAu3zg1DcpPU0rz3VV1SeaqvY4+A=="
  "resolved" "https://registry.npmmirror.com/@nodelib/fs.stat/-/fs.stat-2.0.5.tgz"
  "version" "2.0.5"

"@nodelib/fs.walk@^1.2.3":
  "integrity" "sha512-oGB+UxlgWcgQkgwo8GcEGwemoTFt3FIO9ababBmaGwXIoBKZ+GTy0pP185beGg7Llih/NSHSV2XAs1lnznocSg=="
  "resolved" "https://registry.npmmirror.com/@nodelib/fs.walk/-/fs.walk-1.2.8.tgz"
  "version" "1.2.8"
  dependencies:
    "@nodelib/fs.scandir" "2.1.5"
    "fastq" "^1.6.0"

"@notionhq/client@^1.0.4":
  "integrity" "sha512-m7zZ5l3RUktayf1lRBV1XMb8HSKsmWTv/LZPqP7UGC1NMzOlc+bbTOPNQ4CP/c1P4cP61VWLb/zBq7a3c0nMaw=="
  "resolved" "https://registry.npmmirror.com/@notionhq/client/-/client-1.0.4.tgz"
  "version" "1.0.4"
  dependencies:
    "@types/node-fetch" "^2.5.10"
    "node-fetch" "^2.6.1"

"@tryfabric/martian@^1.2.0":
  "integrity" "sha512-q3grnGgwfujNZelpK6uMswObYKSy1dY+yKypgjl7EPxpSvSHlJb1f0gIfghGUWf1gVxZfHfSZDe+k9KCzaLbwQ=="
  "resolved" "https://registry.npmmirror.com/@tryfabric/martian/-/martian-1.2.0.tgz"
  "version" "1.2.0"
  dependencies:
    "@notionhq/client" "^1.0.4"
    "remark-gfm" "^1.0.0"
    "remark-parse" "^9.0.0"
    "unified" "^9.2.1"

"@types/codemirror@0.0.108":
  "integrity" "sha512-3FGFcus0P7C2UOGCNUVENqObEb4SFk+S8Dnxq7K6aIsLVs/vDtlangl3PEO0ykaKXyK56swVF6Nho7VsA44uhw=="
  "resolved" "https://registry.npmmirror.com/@types/codemirror/-/codemirror-0.0.108.tgz"
  "version" "0.0.108"
  dependencies:
    "@types/tern" "*"

"@types/estree@*":
  "integrity" "sha512-CuPgU6f3eT/XgKKPqKd/gLZV1Xmvf1a2R5POBOGQa6uv82xpls89HU5zKeVoyR8XzHd1RGNOlQlvUe3CFkjWNQ=="
  "resolved" "https://registry.npmmirror.com/@types/estree/-/estree-0.0.51.tgz"
  "version" "0.0.51"

"@types/js-yaml@*":
  "integrity" "sha512-FhpRzf927MNQdRZP0J5DLIdTXhjLYzeUTmLAu69mnVksLH9CJY3IuSeEgbKUki7GQZm0WqDkGzyxju2EZGD2wA=="
  "resolved" "https://registry.npmmirror.com/@types/js-yaml/-/js-yaml-4.0.5.tgz"
  "version" "4.0.5"

"@types/json-schema@^7.0.9":
  "integrity" "sha512-wOuvG1SN4Us4rez+tylwwwCV1psiNVOkJeM3AUWUNWg/jDQY2+HE/444y5gc+jBmRqASOm2Oeh5c1axHobwRKQ=="
  "resolved" "https://registry.npmmirror.com/@types/json-schema/-/json-schema-7.0.11.tgz"
  "version" "7.0.11"

"@types/mdast@^3.0.0":
  "integrity" "sha512-W864tg/Osz1+9f4lrGTZpCSO5/z4608eUp19tbozkq2HJK6i3z1kT0H9tlADXuYIb1YYOBByU4Jsqkk75q48qA=="
  "resolved" "https://registry.npmmirror.com/@types/mdast/-/mdast-3.0.10.tgz"
  "version" "3.0.10"
  dependencies:
    "@types/unist" "*"

"@types/node-fetch@^2.5.10":
  "integrity" "sha512-oMqjURCaxoSIsHSr1E47QHzbmzNR5rK8McHuNb11BOM9cHcIK3Avy0s/b2JlXHoQGTYS3NsvWzV1M0iK7l0wbA=="
  "resolved" "https://registry.npmmirror.com/@types/node-fetch/-/node-fetch-2.6.1.tgz"
  "version" "2.6.1"
  dependencies:
    "@types/node" "*"
    "form-data" "^3.0.0"

"@types/node@*", "@types/node@^17.0.35":
  "integrity" "sha512-vu1SrqBjbbZ3J6vwY17jBs8Sr/BKA+/a/WtjRG+whKg1iuLFOosq872EXS0eXWILdO36DHQQeku/ZcL6hz2fpg=="
  "resolved" "https://registry.npmmirror.com/@types/node/-/node-17.0.35.tgz"
  "version" "17.0.35"

"@types/tern@*":
  "integrity" "sha512-JAUw1iXGO1qaWwEOzxTKJZ/5JxVeON9kvGZ/osgZaJImBnyjyn0cjovPsf6FNLmyGY8Vw9DoXZCMlfMkMwHRWg=="
  "resolved" "https://registry.npmmirror.com/@types/tern/-/tern-0.23.4.tgz"
  "version" "0.23.4"
  dependencies:
    "@types/estree" "*"

"@types/unist@*", "@types/unist@^2.0.0", "@types/unist@^2.0.2":
  "integrity" "sha512-PBjIUxZHOuj0R15/xuwJYjFi+KZdNFrehocChv4g5hu6aFroHue8m0lBP0POdK2nKzbw0cgV1mws8+V/JAcEkQ=="
  "resolved" "https://registry.npmmirror.com/@types/unist/-/unist-2.0.6.tgz"
  "version" "2.0.6"

"@types/yaml-front-matter@^4.1.0":
  "integrity" "sha512-d4YGe2onl1T4VA6QhT4agdxaStOBe/ig9RAFAT1OltytvO2z9Ro69DiwHD2FUwewcjeD9PWEfUeZhw7E9hApcQ=="
  "resolved" "https://registry.npmmirror.com/@types/yaml-front-matter/-/yaml-front-matter-4.1.0.tgz"
  "version" "4.1.0"
  dependencies:
    "@types/js-yaml" "*"
    "@types/node" "*"

"@typescript-eslint/eslint-plugin@^5.2.0":
  "integrity" "sha512-icYrFnUzvm+LhW0QeJNKkezBu6tJs9p/53dpPLFH8zoM9w1tfaKzVurkPotEpAqQ8Vf8uaFyL5jHd0Vs6Z0ZQg=="
  "resolved" "https://registry.npmmirror.com/@typescript-eslint/eslint-plugin/-/eslint-plugin-5.25.0.tgz"
  "version" "5.25.0"
  dependencies:
    "@typescript-eslint/scope-manager" "5.25.0"
    "@typescript-eslint/type-utils" "5.25.0"
    "@typescript-eslint/utils" "5.25.0"
    "debug" "^4.3.4"
    "functional-red-black-tree" "^1.0.1"
    "ignore" "^5.2.0"
    "regexpp" "^3.2.0"
    "semver" "^7.3.7"
    "tsutils" "^3.21.0"

"@typescript-eslint/parser@^5.0.0", "@typescript-eslint/parser@^5.2.0":
  "integrity" "sha512-r3hwrOWYbNKP1nTcIw/aZoH+8bBnh/Lh1iDHoFpyG4DnCpvEdctrSl6LOo19fZbzypjQMHdajolxs6VpYoChgA=="
  "resolved" "https://registry.npmmirror.com/@typescript-eslint/parser/-/parser-5.25.0.tgz"
  "version" "5.25.0"
  dependencies:
    "@typescript-eslint/scope-manager" "5.25.0"
    "@typescript-eslint/types" "5.25.0"
    "@typescript-eslint/typescript-estree" "5.25.0"
    "debug" "^4.3.4"

"@typescript-eslint/scope-manager@5.25.0":
  "integrity" "sha512-p4SKTFWj+2VpreUZ5xMQsBMDdQ9XdRvODKXN4EksyBjFp2YvQdLkyHqOffakYZPuWJUDNu3jVXtHALDyTv3cww=="
  "resolved" "https://registry.npmmirror.com/@typescript-eslint/scope-manager/-/scope-manager-5.25.0.tgz"
  "version" "5.25.0"
  dependencies:
    "@typescript-eslint/types" "5.25.0"
    "@typescript-eslint/visitor-keys" "5.25.0"

"@typescript-eslint/type-utils@5.25.0":
  "integrity" "sha512-B6nb3GK3Gv1Rsb2pqalebe/RyQoyG/WDy9yhj8EE0Ikds4Xa8RR28nHz+wlt4tMZk5bnAr0f3oC8TuDAd5CPrw=="
  "resolved" "https://registry.npmmirror.com/@typescript-eslint/type-utils/-/type-utils-5.25.0.tgz"
  "version" "5.25.0"
  dependencies:
    "@typescript-eslint/utils" "5.25.0"
    "debug" "^4.3.4"
    "tsutils" "^3.21.0"

"@typescript-eslint/types@5.25.0":
  "integrity" "sha512-7fWqfxr0KNHj75PFqlGX24gWjdV/FDBABXL5dyvBOWHpACGyveok8Uj4ipPX/1fGU63fBkzSIycEje4XsOxUFA=="
  "resolved" "https://registry.npmmirror.com/@typescript-eslint/types/-/types-5.25.0.tgz"
  "version" "5.25.0"

"@typescript-eslint/typescript-estree@5.25.0":
  "integrity" "sha512-MrPODKDych/oWs/71LCnuO7NyR681HuBly2uLnX3r5i4ME7q/yBqC4hW33kmxtuauLTM0OuBOhhkFaxCCOjEEw=="
  "resolved" "https://registry.npmmirror.com/@typescript-eslint/typescript-estree/-/typescript-estree-5.25.0.tgz"
  "version" "5.25.0"
  dependencies:
    "@typescript-eslint/types" "5.25.0"
    "@typescript-eslint/visitor-keys" "5.25.0"
    "debug" "^4.3.4"
    "globby" "^11.1.0"
    "is-glob" "^4.0.3"
    "semver" "^7.3.7"
    "tsutils" "^3.21.0"

"@typescript-eslint/utils@5.25.0":
  "integrity" "sha512-qNC9bhnz/n9Kba3yI6HQgQdBLuxDoMgdjzdhSInZh6NaDnFpTUlwNGxplUFWfY260Ya0TRPvkg9dd57qxrJI9g=="
  "resolved" "https://registry.npmmirror.com/@typescript-eslint/utils/-/utils-5.25.0.tgz"
  "version" "5.25.0"
  dependencies:
    "@types/json-schema" "^7.0.9"
    "@typescript-eslint/scope-manager" "5.25.0"
    "@typescript-eslint/types" "5.25.0"
    "@typescript-eslint/typescript-estree" "5.25.0"
    "eslint-scope" "^5.1.1"
    "eslint-utils" "^3.0.0"

"@typescript-eslint/visitor-keys@5.25.0":
  "integrity" "sha512-yd26vFgMsC4h2dgX4+LR+GeicSKIfUvZREFLf3DDjZPtqgLx5AJZr6TetMNwFP9hcKreTTeztQYBTNbNoOycwA=="
  "resolved" "https://registry.npmmirror.com/@typescript-eslint/visitor-keys/-/visitor-keys-5.25.0.tgz"
  "version" "5.25.0"
  dependencies:
    "@typescript-eslint/types" "5.25.0"
    "eslint-visitor-keys" "^3.3.0"

"agent-base@6":
  "integrity" "sha512-RZNwNclF7+MS/8bDg70amg32dyeZGZxiDuQmZxKLAlQjr3jGyLx+4Kkk58UO7D2QdgFIQCovuSuZESne6RG6XQ=="
  "resolved" "https://registry.npmmirror.com/agent-base/-/agent-base-6.0.2.tgz"
  "version" "6.0.2"
  dependencies:
    "debug" "4"

"argparse@^1.0.7":
  "integrity" "sha512-o5Roy6tNG4SL/FOkCAN6RzjiakZS25RLYFrcMttJqbdd8BWrnA+fGz57iN5Pb06pvBGvl5gQ0B48dJlslXvoTg=="
  "resolved" "https://registry.npmmirror.com/argparse/-/argparse-1.0.10.tgz"
  "version" "1.0.10"
  dependencies:
    "sprintf-js" "~1.0.2"

"array-union@^2.1.0":
  "integrity" "sha512-HGyxoOTYUyCM6stUe6EJgnd4EoewAI7zMdfqO+kGjnlZmBDz/cR5pf8r/cR4Wq60sL/p0IkcjUEEPwS3GFrIyw=="
  "resolved" "https://registry.npmmirror.com/array-union/-/array-union-2.1.0.tgz"
  "version" "2.1.0"

"asynckit@^0.4.0":
  "integrity" "sha512-Oei9OH4tRh0YqU3GxhX79dM/mwVgvbZJaSNaRk+bshkj0S5cfHcgYakreBjrHwatXKbz+IoIdYLxrKim2MjW0Q=="
  "resolved" "https://registry.npmmirror.com/asynckit/-/asynckit-0.4.0.tgz"
  "version" "0.4.0"

"bail@^1.0.0":
  "integrity" "sha512-xFbRxM1tahm08yHBP16MMjVUAvDaBMD38zsM9EMAUN61omwLmKlOpB/Zku5QkjZ8TZ4vn53pj+t518cH0S03RQ=="
  "resolved" "https://registry.npmmirror.com/bail/-/bail-1.0.5.tgz"
  "version" "1.0.5"

"braces@^3.0.2":
  "integrity" "sha512-b8um+L1RzM3WDSzvhm6gIz1yfTbBt6YTlcEKAvsmqCZZFw46z626lVj9j1yEPW33H5H+lBQpZMP1k8l+78Ha0A=="
  "resolved" "https://registry.npmmirror.com/braces/-/braces-3.0.2.tgz"
  "version" "3.0.2"
  dependencies:
    "fill-range" "^7.0.1"

"builtin-modules@^3.2.0":
  "integrity" "sha512-zhaCDicdLuWN5UbN5IMnFqNMhNfo919sH85y2/ea+5Yg9TsTkeZxpL+JLbp6cgYFS4sRLp3YV4S6yDuqVWHYOw=="
  "resolved" "https://registry.npmmirror.com/builtin-modules/-/builtin-modules-3.3.0.tgz"
  "version" "3.3.0"

"ccount@^1.0.0":
  "integrity" "sha512-vlNK021QdI7PNeiUh/lKkC/mNHHfV0m/Ad5JoI0TYtlBnJAslM/JIkm/tGC88bkLIwO6OQ5uV6ztS6kVAtCDlg=="
  "resolved" "https://registry.npmmirror.com/ccount/-/ccount-1.1.0.tgz"
  "version" "1.1.0"

"character-entities-legacy@^1.0.0":
  "integrity" "sha512-3Xnr+7ZFS1uxeiUDvV02wQ+QDbc55o97tIV5zHScSPJpcLm/r0DFPcoY3tYRp+VZukxuMeKgXYmsXQHO05zQeA=="
  "resolved" "https://registry.npmmirror.com/character-entities-legacy/-/character-entities-legacy-1.1.4.tgz"
  "version" "1.1.4"

"character-entities@^1.0.0":
  "integrity" "sha512-iBMyeEHxfVnIakwOuDXpVkc54HijNgCyQB2w0VfGQThle6NXn50zU6V/u+LDhxHcDUPojn6Kpga3PTAD8W1bQw=="
  "resolved" "https://registry.npmmirror.com/character-entities/-/character-entities-1.2.4.tgz"
  "version" "1.2.4"

"character-reference-invalid@^1.0.0":
  "integrity" "sha512-mKKUkUbhPpQlCOfIuZkvSEgktjPFIsZKRRbC6KWVEMvlzblj3i3asQv5ODsrwt0N3pHAEvjP8KTQPHkp0+6jOg=="
  "resolved" "https://registry.npmmirror.com/character-reference-invalid/-/character-reference-invalid-1.1.4.tgz"
  "version" "1.1.4"

"combined-stream@^1.0.8":
  "integrity" "sha512-FQN4MRfuJeHf7cBbBMJFXhKSDq+2kAArBlmRBvcvFE5BB1HZKXtSFASDhdlz9zOYwxh8lDdnvmMOe/+5cdoEdg=="
  "resolved" "https://registry.npmmirror.com/combined-stream/-/combined-stream-1.0.8.tgz"
  "version" "1.0.8"
  dependencies:
    "delayed-stream" "~1.0.0"

"commander@^6.2.0":
  "integrity" "sha512-U7VdrJFnJgo4xjrHpTzu0yrHPGImdsmD95ZlgYSEajAn2JKzDhDTPG9kBTefmObL2w/ngeZnilk+OV9CG3d7UA=="
  "resolved" "https://registry.npmmirror.com/commander/-/commander-6.2.1.tgz"
  "version" "6.2.1"

"debug@^4.0.0", "debug@^4.3.4", "debug@4":
  "integrity" "sha512-PRWFHuSU3eDtQJPvnNY7Jcket1j0t5OuOsFzPPzsekD52Zl8qUfFIPEiswXqIvHWGVHOgX+7G/vCNNhehwxfkQ=="
  "resolved" "https://registry.npmmirror.com/debug/-/debug-4.3.4.tgz"
  "version" "4.3.4"
  dependencies:
    "ms" "2.1.2"

"delayed-stream@~1.0.0":
  "integrity" "sha512-ZySD7Nf91aLB0RxL4KGrKHBXl7Eds1DAmEdcoVawXnLD7SDhpNgtuII2aAkg7a7QS41jxPSZ17p4VdGnMHk3MQ=="
  "resolved" "https://registry.npmmirror.com/delayed-stream/-/delayed-stream-1.0.0.tgz"
  "version" "1.0.0"

"dir-glob@^3.0.1":
  "integrity" "sha512-WkrWp9GR4KXfKGYzOLmTuGVi1UWFfws377n9cc55/tb6DuqyF6pcQ5AbiHEshaDpY9v6oaSr2XCDidGmMwdzIA=="
  "resolved" "https://registry.npmmirror.com/dir-glob/-/dir-glob-3.0.1.tgz"
  "version" "3.0.1"
  dependencies:
    "path-type" "^4.0.0"

"encoding@^0.1.0":
  "integrity" "sha512-bl1LAgiQc4ZWr++pNYUdRe/alecaHFeHxIJ/pNciqGdKXghaTCOwKkbKp6ye7pKZGu/GcaSXFk8PBVhgs+dJdA=="
  "resolved" "https://registry.npmmirror.com/encoding/-/encoding-0.1.12.tgz"
  "version" "0.1.12"
  dependencies:
    "iconv-lite" "~0.4.13"

"esbuild-darwin-64@0.13.12":
  "integrity" "sha512-c51C+N+UHySoV2lgfWSwwmlnLnL0JWj/LzuZt9Ltk9ub1s2Y8cr6SQV5W3mqVH1egUceew6KZ8GyI4nwu+fhsw=="
  "resolved" "https://registry.npmmirror.com/esbuild-darwin-64/-/esbuild-darwin-64-0.13.12.tgz"
  "version" "0.13.12"

"esbuild@0.13.12":
  "integrity" "sha512-vTKKUt+yoz61U/BbrnmlG9XIjwpdIxmHB8DlPR0AAW6OdS+nBQBci6LUHU2q9WbBobMEIQxxDpKbkmOGYvxsow=="
  "resolved" "https://registry.npmmirror.com/esbuild/-/esbuild-0.13.12.tgz"
  "version" "0.13.12"
  optionalDependencies:
    "esbuild-android-arm64" "0.13.12"
    "esbuild-darwin-64" "0.13.12"
    "esbuild-darwin-arm64" "0.13.12"
    "esbuild-freebsd-64" "0.13.12"
    "esbuild-freebsd-arm64" "0.13.12"
    "esbuild-linux-32" "0.13.12"
    "esbuild-linux-64" "0.13.12"
    "esbuild-linux-arm" "0.13.12"
    "esbuild-linux-arm64" "0.13.12"
    "esbuild-linux-mips64le" "0.13.12"
    "esbuild-linux-ppc64le" "0.13.12"
    "esbuild-netbsd-64" "0.13.12"
    "esbuild-openbsd-64" "0.13.12"
    "esbuild-sunos-64" "0.13.12"
    "esbuild-windows-32" "0.13.12"
    "esbuild-windows-64" "0.13.12"
    "esbuild-windows-arm64" "0.13.12"

"escape-string-regexp@^4.0.0":
  "integrity" "sha512-TtpcNJ3XAzx3Gq8sWRzJaVajRs0uVxA2YAkdb1jm2YkPz4G6egUFAyA3n5vtEIZefPk5Wa4UXbKuS5fKkJWdgA=="
  "resolved" "https://registry.npmmirror.com/escape-string-regexp/-/escape-string-regexp-4.0.0.tgz"
  "version" "4.0.0"

"eslint-scope@^5.1.1":
  "integrity" "sha512-2NxwbF/hZ0KpepYN0cNbo+FN6XoK7GaHlQhgx/hIZl6Va0bF45RQOOwhLIy8lQDbuCiadSLCBnH2CFYquit5bw=="
  "resolved" "https://registry.npmmirror.com/eslint-scope/-/eslint-scope-5.1.1.tgz"
  "version" "5.1.1"
  dependencies:
    "esrecurse" "^4.3.0"
    "estraverse" "^4.1.1"

"eslint-utils@^3.0.0":
  "integrity" "sha512-uuQC43IGctw68pJA1RgbQS8/NP7rch6Cwd4j3ZBtgo4/8Flj4eGE7ZYSZRN3iq5pVUv6GPdW5Z1RFleo84uLDA=="
  "resolved" "https://registry.npmmirror.com/eslint-utils/-/eslint-utils-3.0.0.tgz"
  "version" "3.0.0"
  dependencies:
    "eslint-visitor-keys" "^2.0.0"

"eslint-visitor-keys@^2.0.0":
  "integrity" "sha512-0rSmRBzXgDzIsD6mGdJgevzgezI534Cer5L/vyMX0kHzT/jiB43jRhd9YUlMGYLQy2zprNmoT8qasCGtY+QaKw=="
  "resolved" "https://registry.npmmirror.com/eslint-visitor-keys/-/eslint-visitor-keys-2.1.0.tgz"
  "version" "2.1.0"

"eslint-visitor-keys@^3.3.0":
  "integrity" "sha512-mQ+suqKJVyeuwGYHAdjMFqjCyfl8+Ldnxuyp3ldiMBFKkvytrXUZWaiPCEav8qDHKty44bD+qV1IP4T+w+xXRA=="
  "resolved" "https://registry.npmmirror.com/eslint-visitor-keys/-/eslint-visitor-keys-3.3.0.tgz"
  "version" "3.3.0"

"esprima@^4.0.0":
  "integrity" "sha512-eGuFFw7Upda+g4p+QHvnW0RyTX/SVeJBDM/gCtMARO0cLuT2HcEKnTPvhjV6aGeqrCB/sbNop0Kszm0jsaWU4A=="
  "resolved" "https://registry.npmmirror.com/esprima/-/esprima-4.0.1.tgz"
  "version" "4.0.1"

"esrecurse@^4.3.0":
  "integrity" "sha512-KmfKL3b6G+RXvP8N1vr3Tq1kL/oCFgn2NYXEtqP8/L3pKapUA4G8cFVaoF3SU323CD4XypR/ffioHmkti6/Tag=="
  "resolved" "https://registry.npmmirror.com/esrecurse/-/esrecurse-4.3.0.tgz"
  "version" "4.3.0"
  dependencies:
    "estraverse" "^5.2.0"

"estraverse@^4.1.1":
  "integrity" "sha512-39nnKffWz8xN1BU/2c79n9nB9HDzo0niYUqx6xyqUnyoAnQyyWpOTdZEeiCch8BBu515t4wp9ZmgVfVhn9EBpw=="
  "resolved" "https://registry.npmmirror.com/estraverse/-/estraverse-4.3.0.tgz"
  "version" "4.3.0"

"estraverse@^5.2.0":
  "integrity" "sha512-MMdARuVEQziNTeJD8DgMqmhwR11BRQ/cBP+pLtYdSTnf3MIO8fFeiINEbX36ZdNlfU/7A9f3gUw49B3oQsvwBA=="
  "resolved" "https://registry.npmmirror.com/estraverse/-/estraverse-5.3.0.tgz"
  "version" "5.3.0"

"extend@^3.0.0":
  "integrity" "sha512-fjquC59cD7CyW6urNXK0FBufkZcoiGG80wTuPujX590cB5Ttln20E2UB4S/WARVqhXffZl2LNgS+gQdPIIim/g=="
  "resolved" "https://registry.npmmirror.com/extend/-/extend-3.0.2.tgz"
  "version" "3.0.2"

"fast-glob@^3.2.9":
  "integrity" "sha512-xrO3+1bxSo3ZVHAnqzyuewYT6aMFHRAd4Kcs92MAonjwQZLsK9d0SF1IyQ3k5PoirxTW0Oe/RqFgMQ6TcNE5Ew=="
  "resolved" "https://registry.npmmirror.com/fast-glob/-/fast-glob-3.2.11.tgz"
  "version" "3.2.11"
  dependencies:
    "@nodelib/fs.stat" "^2.0.2"
    "@nodelib/fs.walk" "^1.2.3"
    "glob-parent" "^5.1.2"
    "merge2" "^1.3.0"
    "micromatch" "^4.0.4"

"fastq@^1.6.0":
  "integrity" "sha512-YpkpUnK8od0o1hmeSc7UUs/eB/vIPWJYjKck2QKIzAf71Vm1AAQ3EbuZB3g2JIy+pg+ERD0vqI79KyZiB2e2Nw=="
  "resolved" "https://registry.npmmirror.com/fastq/-/fastq-1.13.0.tgz"
  "version" "1.13.0"
  dependencies:
    "reusify" "^1.0.4"

"fill-range@^7.0.1":
  "integrity" "sha512-qOo9F+dMUmC2Lcb4BbVvnKJxTPjCm+RRpe4gDuGrzkL7mEVl/djYSu2OdQ2Pa302N4oqkSg9ir6jaLWJ2USVpQ=="
  "resolved" "https://registry.npmmirror.com/fill-range/-/fill-range-7.0.1.tgz"
  "version" "7.0.1"
  dependencies:
    "to-regex-range" "^5.0.1"

"form-data@^3.0.0":
  "integrity" "sha512-RHkBKtLWUVwd7SqRIvCZMEvAMoGUp0XU+seQiZejj0COz3RI3hWP4sCv3gZWWLjJTd7rGwcsF5eKZGii0r/hbg=="
  "resolved" "https://registry.npmmirror.com/form-data/-/form-data-3.0.1.tgz"
  "version" "3.0.1"
  dependencies:
    "asynckit" "^0.4.0"
    "combined-stream" "^1.0.8"
    "mime-types" "^2.1.12"

"functional-red-black-tree@^1.0.1":
  "integrity" "sha512-dsKNQNdj6xA3T+QlADDA7mOSlX0qiMINjn0cgr+eGHGsbSHzTabcIogz2+p/iqP1Xs6EP/sS2SbqH+brGTbq0g=="
  "resolved" "https://registry.npmmirror.com/functional-red-black-tree/-/functional-red-black-tree-1.0.1.tgz"
  "version" "1.0.1"

"glob-parent@^5.1.2":
  "integrity" "sha512-AOIgSQCepiJYwP3ARnGx+5VnTu2HBYdzbGP45eLw1vr3zB3vZLeyed1sC9hnbcOc9/SrMyM5RPQrkGz4aS9Zow=="
  "resolved" "https://registry.npmmirror.com/glob-parent/-/glob-parent-5.1.2.tgz"
  "version" "5.1.2"
  dependencies:
    "is-glob" "^4.0.1"

"globby@^11.1.0":
  "integrity" "sha512-jhIXaOzy1sb8IyocaruWSn1TjmnBVs8Ayhcy83rmxNJ8q2uWKCAj3CnJY+KpGSXCueAPc0i05kVvVKtP1t9S3g=="
  "resolved" "https://registry.npmmirror.com/globby/-/globby-11.1.0.tgz"
  "version" "11.1.0"
  dependencies:
    "array-union" "^2.1.0"
    "dir-glob" "^3.0.1"
    "fast-glob" "^3.2.9"
    "ignore" "^5.2.0"
    "merge2" "^1.4.1"
    "slash" "^3.0.0"

"https-proxy-agent@^5.0.1":
  "integrity" "sha512-dFcAjpTQFgoLMzC2VwU+C/CbS7uRL0lWmxDITmqm7C+7F0Odmj6s9l6alZc6AELXhrnggM2CeWSXHGOdX2YtwA=="
  "resolved" "https://registry.npmmirror.com/https-proxy-agent/-/https-proxy-agent-5.0.1.tgz"
  "version" "5.0.1"
  dependencies:
    "agent-base" "6"
    "debug" "4"

"iconv-lite@~0.4.13":
  "integrity" "sha512-v3MXnZAcvnywkTUEZomIActle7RXXeedOR31wwl7VlyoXO4Qi9arvSenNQWne1TcRwhCL1HwLI21bEqdpj8/rA=="
  "resolved" "https://registry.npmmirror.com/iconv-lite/-/iconv-lite-0.4.24.tgz"
  "version" "0.4.24"
  dependencies:
    "safer-buffer" ">= 2.1.2 < 3"

"ignore@^5.2.0":
  "integrity" "sha512-CmxgYGiEPCLhfLnpPp1MoRmifwEIOgjcHXxOBjv7mY96c+eWScsOP9c112ZyLdWHi0FxHjI+4uVhKYp/gcdRmQ=="
  "resolved" "https://registry.npmmirror.com/ignore/-/ignore-5.2.0.tgz"
  "version" "5.2.0"

"is-alphabetical@^1.0.0":
  "integrity" "sha512-DwzsA04LQ10FHTZuL0/grVDk4rFoVH1pjAToYwBrHSxcrBIGQuXrQMtD5U1b0U2XVgKZCTLLP8u2Qxqhy3l2Vg=="
  "resolved" "https://registry.npmmirror.com/is-alphabetical/-/is-alphabetical-1.0.4.tgz"
  "version" "1.0.4"

"is-alphanumerical@^1.0.0":
  "integrity" "sha512-UzoZUr+XfVz3t3v4KyGEniVL9BDRoQtY7tOyrRybkVNjDFWyo1yhXNGrrBTQxp3ib9BLAWs7k2YKBQsFRkZG9A=="
  "resolved" "https://registry.npmmirror.com/is-alphanumerical/-/is-alphanumerical-1.0.4.tgz"
  "version" "1.0.4"
  dependencies:
    "is-alphabetical" "^1.0.0"
    "is-decimal" "^1.0.0"

"is-buffer@^2.0.0":
  "integrity" "sha512-i2R6zNFDwgEHJyQUtJEk0XFi1i0dPFn/oqjK3/vPCcDeJvW5NQ83V8QbicfF1SupOaB0h8ntgBC2YiE7dfyctQ=="
  "resolved" "https://registry.npmmirror.com/is-buffer/-/is-buffer-2.0.5.tgz"
  "version" "2.0.5"

"is-decimal@^1.0.0":
  "integrity" "sha512-RGdriMmQQvZ2aqaQq3awNA6dCGtKpiDFcOzrTWrDAT2MiWrKQVPmxLGHl7Y2nNu6led0kEyoX0enY0qXYsv9zw=="
  "resolved" "https://registry.npmmirror.com/is-decimal/-/is-decimal-1.0.4.tgz"
  "version" "1.0.4"

"is-extglob@^2.1.1":
  "integrity" "sha512-SbKbANkN603Vi4jEZv49LeVJMn4yGwsbzZworEoyEiutsN3nJYdbO36zfhGJ6QEDpOZIFkDtnq5JRxmvl3jsoQ=="
  "resolved" "https://registry.npmmirror.com/is-extglob/-/is-extglob-2.1.1.tgz"
  "version" "2.1.1"

"is-glob@^4.0.1", "is-glob@^4.0.3":
  "integrity" "sha512-xelSayHH36ZgE7ZWhli7pW34hNbNl8Ojv5KVmkJD4hBdD3th8Tfk9vYasLM+mXWOZhFkgZfxhLSnrwRr4elSSg=="
  "resolved" "https://registry.npmmirror.com/is-glob/-/is-glob-4.0.3.tgz"
  "version" "4.0.3"
  dependencies:
    "is-extglob" "^2.1.1"

"is-hexadecimal@^1.0.0":
  "integrity" "sha512-gyPJuv83bHMpocVYoqof5VDiZveEoGoFL8m3BXNb2VW8Xs+rz9kqO8LOQ5DH6EsuvilT1ApazU0pyl+ytbPtlw=="
  "resolved" "https://registry.npmmirror.com/is-hexadecimal/-/is-hexadecimal-1.0.4.tgz"
  "version" "1.0.4"

"is-number@^7.0.0":
  "integrity" "sha512-41Cifkg6e8TylSpdtTpeLVMqvSBEVzTttHvERD741+pnZ8ANv0004MRL43QKPDlK9cGvNp6NZWZUBlbGXYxxng=="
  "resolved" "https://registry.npmmirror.com/is-number/-/is-number-7.0.0.tgz"
  "version" "7.0.0"

"is-plain-obj@^2.0.0":
  "integrity" "sha512-YWnfyRwxL/+SsrWYfOpUtz5b3YD+nyfkHvjbcanzk8zgyO4ASD67uVMRt8k5bM4lLMDnXfriRhOpemw+NfT1eA=="
  "resolved" "https://registry.npmmirror.com/is-plain-obj/-/is-plain-obj-2.1.0.tgz"
  "version" "2.1.0"

"js-yaml@^3.14.1":
  "integrity" "sha512-okMH7OXXJ7YrN9Ok3/SXrnu4iX9yOk+25nqX4imS2npuvTYDmo/QEZoqwZkYaIDk3jVvBOTOIEgEhaLOynBS9g=="
  "resolved" "https://registry.npmmirror.com/js-yaml/-/js-yaml-3.14.1.tgz"
  "version" "3.14.1"
  dependencies:
    "argparse" "^1.0.7"
    "esprima" "^4.0.0"

"longest-streak@^2.0.0":
  "integrity" "sha512-vM6rUVCVUJJt33bnmHiZEvr7wPT78ztX7rojL+LW51bHtLh6HTjx84LA5W4+oa6aKEJA7jJu5LR6vQRBpA5DVg=="
  "resolved" "https://registry.npmmirror.com/longest-streak/-/longest-streak-2.0.4.tgz"
  "version" "2.0.4"

"lru-cache@^6.0.0":
  "integrity" "sha512-Jo6dJ04CmSjuznwJSS3pUeWmd/H0ffTlkXXgwZi+eq1UCmqQwCh+eLsYOYCwY991i2Fah4h1BEMCx4qThGbsiA=="
  "resolved" "https://registry.npmmirror.com/lru-cache/-/lru-cache-6.0.0.tgz"
  "version" "6.0.0"
  dependencies:
    "yallist" "^4.0.0"

"markdown-table@^2.0.0":
  "integrity" "sha512-Ezda85ToJUBhM6WGaG6veasyym+Tbs3cMAw/ZhOPqXiYsr0jgocBV3j3nx+4lk47plLlIqjwuTm/ywVI+zjJ/A=="
  "resolved" "https://registry.npmmirror.com/markdown-table/-/markdown-table-2.0.0.tgz"
  "version" "2.0.0"
  dependencies:
    "repeat-string" "^1.0.0"

"mdast-util-find-and-replace@^1.1.0":
  "integrity" "sha512-9cKl33Y21lyckGzpSmEQnIDjEfeeWelN5s1kUW1LwdB0Fkuq2u+4GdqcGEygYxJE8GVqCl0741bYXHgamfWAZA=="
  "resolved" "https://registry.npmmirror.com/mdast-util-find-and-replace/-/mdast-util-find-and-replace-1.1.1.tgz"
  "version" "1.1.1"
  dependencies:
    "escape-string-regexp" "^4.0.0"
    "unist-util-is" "^4.0.0"
    "unist-util-visit-parents" "^3.0.0"

"mdast-util-from-markdown@^0.8.0":
  "integrity" "sha512-2hkTXtYYnr+NubD/g6KGBS/0mFmBcifAsI0yIWRiRo0PjVs6SSOSOdtzbp6kSGnShDN6G5aWZpKQ2lWRy27mWQ=="
  "resolved" "https://registry.npmmirror.com/mdast-util-from-markdown/-/mdast-util-from-markdown-0.8.5.tgz"
  "version" "0.8.5"
  dependencies:
    "@types/mdast" "^3.0.0"
    "mdast-util-to-string" "^2.0.0"
    "micromark" "~2.11.0"
    "parse-entities" "^2.0.0"
    "unist-util-stringify-position" "^2.0.0"

"mdast-util-gfm-autolink-literal@^0.1.0":
  "integrity" "sha512-GjmLjWrXg1wqMIO9+ZsRik/s7PLwTaeCHVB7vRxUwLntZc8mzmTsLVr6HW1yLokcnhfURsn5zmSVdi3/xWWu1A=="
  "resolved" "https://registry.npmmirror.com/mdast-util-gfm-autolink-literal/-/mdast-util-gfm-autolink-literal-0.1.3.tgz"
  "version" "0.1.3"
  dependencies:
    "ccount" "^1.0.0"
    "mdast-util-find-and-replace" "^1.1.0"
    "micromark" "^2.11.3"

"mdast-util-gfm-strikethrough@^0.2.0":
  "integrity" "sha512-5OQLXpt6qdbttcDG/UxYY7Yjj3e8P7X16LzvpX8pIQPYJ/C2Z1qFGMmcw+1PZMUM3Z8wt8NRfYTvCni93mgsgA=="
  "resolved" "https://registry.npmmirror.com/mdast-util-gfm-strikethrough/-/mdast-util-gfm-strikethrough-0.2.3.tgz"
  "version" "0.2.3"
  dependencies:
    "mdast-util-to-markdown" "^0.6.0"

"mdast-util-gfm-table@^0.1.0":
  "integrity" "sha512-j4yDxQ66AJSBwGkbpFEp9uG/LS1tZV3P33fN1gkyRB2LoRL+RR3f76m0HPHaby6F4Z5xr9Fv1URmATlRRUIpRQ=="
  "resolved" "https://registry.npmmirror.com/mdast-util-gfm-table/-/mdast-util-gfm-table-0.1.6.tgz"
  "version" "0.1.6"
  dependencies:
    "markdown-table" "^2.0.0"
    "mdast-util-to-markdown" "~0.6.0"

"mdast-util-gfm-task-list-item@^0.1.0":
  "integrity" "sha512-/d51FFIfPsSmCIRNp7E6pozM9z1GYPIkSy1urQ8s/o4TC22BZ7DqfHFWiqBD23bc7J3vV1Fc9O4QIHBlfuit8A=="
  "resolved" "https://registry.npmmirror.com/mdast-util-gfm-task-list-item/-/mdast-util-gfm-task-list-item-0.1.6.tgz"
  "version" "0.1.6"
  dependencies:
    "mdast-util-to-markdown" "~0.6.0"

"mdast-util-gfm@^0.1.0":
  "integrity" "sha512-NNkhDx/qYcuOWB7xHUGWZYVXvjPFFd6afg6/e2g+SV4r9q5XUcCbV4Wfa3DLYIiD+xAEZc6K4MGaE/m0KDcPwQ=="
  "resolved" "https://registry.npmmirror.com/mdast-util-gfm/-/mdast-util-gfm-0.1.2.tgz"
  "version" "0.1.2"
  dependencies:
    "mdast-util-gfm-autolink-literal" "^0.1.0"
    "mdast-util-gfm-strikethrough" "^0.2.0"
    "mdast-util-gfm-table" "^0.1.0"
    "mdast-util-gfm-task-list-item" "^0.1.0"
    "mdast-util-to-markdown" "^0.6.1"

"mdast-util-to-markdown@^0.6.0", "mdast-util-to-markdown@^0.6.1", "mdast-util-to-markdown@~0.6.0":
  "integrity" "sha512-XeV9sDE7ZlOQvs45C9UKMtfTcctcaj/pGwH8YLbMHoMOXNNCn2LsqVQOqrF1+/NU8lKDAqozme9SCXWyo9oAcQ=="
  "resolved" "https://registry.npmmirror.com/mdast-util-to-markdown/-/mdast-util-to-markdown-0.6.5.tgz"
  "version" "0.6.5"
  dependencies:
    "@types/unist" "^2.0.0"
    "longest-streak" "^2.0.0"
    "mdast-util-to-string" "^2.0.0"
    "parse-entities" "^2.0.0"
    "repeat-string" "^1.0.0"
    "zwitch" "^1.0.0"

"mdast-util-to-string@^2.0.0":
  "integrity" "sha512-AW4DRS3QbBayY/jJmD8437V1Gombjf8RSOUCMFBuo5iHi58AGEgVCKQ+ezHkZZDpAQS75hcBMpLqjpJTjtUL7w=="
  "resolved" "https://registry.npmmirror.com/mdast-util-to-string/-/mdast-util-to-string-2.0.0.tgz"
  "version" "2.0.0"

"merge2@^1.3.0", "merge2@^1.4.1":
  "integrity" "sha512-8q7VEgMJW4J8tcfVPy8g09NcQwZdbwFEqhe/WZkoIzjn/3TGDwtOCYtXGxA3O8tPzpczCCDgv+P2P5y00ZJOOg=="
  "resolved" "https://registry.npmmirror.com/merge2/-/merge2-1.4.1.tgz"
  "version" "1.4.1"

"micromark-extension-gfm-autolink-literal@~0.5.0":
  "integrity" "sha512-ePiDGH0/lhcngCe8FtH4ARFoxKTUelMp4L7Gg2pujYD5CSMb9PbblnyL+AAMud/SNMyusbS2XDSiPIRcQoNFAw=="
  "resolved" "https://registry.npmmirror.com/micromark-extension-gfm-autolink-literal/-/micromark-extension-gfm-autolink-literal-0.5.7.tgz"
  "version" "0.5.7"
  dependencies:
    "micromark" "~2.11.3"

"micromark-extension-gfm-strikethrough@~0.6.5":
  "integrity" "sha512-PpOKlgokpQRwUesRwWEp+fHjGGkZEejj83k9gU5iXCbDG+XBA92BqnRKYJdfqfkrRcZRgGuPuXb7DaK/DmxOhw=="
  "resolved" "https://registry.npmmirror.com/micromark-extension-gfm-strikethrough/-/micromark-extension-gfm-strikethrough-0.6.5.tgz"
  "version" "0.6.5"
  dependencies:
    "micromark" "~2.11.0"

"micromark-extension-gfm-table@~0.4.0":
  "integrity" "sha512-hVGvESPq0fk6ALWtomcwmgLvH8ZSVpcPjzi0AjPclB9FsVRgMtGZkUcpE0zgjOCFAznKepF4z3hX8z6e3HODdA=="
  "resolved" "https://registry.npmmirror.com/micromark-extension-gfm-table/-/micromark-extension-gfm-table-0.4.3.tgz"
  "version" "0.4.3"
  dependencies:
    "micromark" "~2.11.0"

"micromark-extension-gfm-tagfilter@~0.3.0":
  "integrity" "sha512-9GU0xBatryXifL//FJH+tAZ6i240xQuFrSL7mYi8f4oZSbc+NvXjkrHemeYP0+L4ZUT+Ptz3b95zhUZnMtoi/Q=="
  "resolved" "https://registry.npmmirror.com/micromark-extension-gfm-tagfilter/-/micromark-extension-gfm-tagfilter-0.3.0.tgz"
  "version" "0.3.0"

"micromark-extension-gfm-task-list-item@~0.3.0":
  "integrity" "sha512-0zvM5iSLKrc/NQl84pZSjGo66aTGd57C1idmlWmE87lkMcXrTxg1uXa/nXomxJytoje9trP0NDLvw4bZ/Z/XCQ=="
  "resolved" "https://registry.npmmirror.com/micromark-extension-gfm-task-list-item/-/micromark-extension-gfm-task-list-item-0.3.3.tgz"
  "version" "0.3.3"
  dependencies:
    "micromark" "~2.11.0"

"micromark-extension-gfm@^0.3.0":
  "integrity" "sha512-oVN4zv5/tAIA+l3GbMi7lWeYpJ14oQyJ3uEim20ktYFAcfX1x3LNlFGGlmrZHt7u9YlKExmyJdDGaTt6cMSR/A=="
  "resolved" "https://registry.npmmirror.com/micromark-extension-gfm/-/micromark-extension-gfm-0.3.3.tgz"
  "version" "0.3.3"
  dependencies:
    "micromark" "~2.11.0"
    "micromark-extension-gfm-autolink-literal" "~0.5.0"
    "micromark-extension-gfm-strikethrough" "~0.6.5"
    "micromark-extension-gfm-table" "~0.4.0"
    "micromark-extension-gfm-tagfilter" "~0.3.0"
    "micromark-extension-gfm-task-list-item" "~0.3.0"

"micromark@^2.11.3", "micromark@~2.11.0", "micromark@~2.11.3":
  "integrity" "sha512-+WoovN/ppKolQOFIAajxi7Lu9kInbPxFuTBVEavFcL8eAfVstoc5MocPmqBeAdBOJV00uaVjegzH4+MA0DN/uA=="
  "resolved" "https://registry.npmmirror.com/micromark/-/micromark-2.11.4.tgz"
  "version" "2.11.4"
  dependencies:
    "debug" "^4.0.0"
    "parse-entities" "^2.0.0"

"micromatch@^4.0.4":
  "integrity" "sha512-DMy+ERcEW2q8Z2Po+WNXuw3c5YaUSFjAO5GsJqfEl7UjvtIuFKO6ZrKvcItdy98dwFI2N1tg3zNIdKaQT+aNdA=="
  "resolved" "https://registry.npmmirror.com/micromatch/-/micromatch-4.0.5.tgz"
  "version" "4.0.5"
  dependencies:
    "braces" "^3.0.2"
    "picomatch" "^2.3.1"

"mime-db@1.52.0":
  "integrity" "sha512-sPU4uV7dYlvtWJxwwxHD0PuihVNiE7TyAbQ5SWxDCB9mUYvOgroQOwYQQOKPJ8CIbE+1ETVlOoK1UC2nU3gYvg=="
  "resolved" "https://registry.npmmirror.com/mime-db/-/mime-db-1.52.0.tgz"
  "version" "1.52.0"

"mime-types@^2.1.12":
  "integrity" "sha512-ZDY+bPm5zTTF+YpCrAU9nK0UgICYPT0QtT1NZWFv4s++TNkcgVaT0g6+4R2uI4MjQjzysHB1zxuWL50hzaeXiw=="
  "resolved" "https://registry.npmmirror.com/mime-types/-/mime-types-2.1.35.tgz"
  "version" "2.1.35"
  dependencies:
    "mime-db" "1.52.0"

"moment@2.29.2":
  "integrity" "sha512-UgzG4rvxYpN15jgCmVJwac49h9ly9NurikMWGPdVxm8GZD6XjkKPxDTjQQ43gtGgnV3X0cAyWDdP2Wexoquifg=="
  "resolved" "https://registry.npmmirror.com/moment/-/moment-2.29.2.tgz"
  "version" "2.29.2"

"ms@2.1.2":
  "integrity" "sha512-sGkPx+VjMtmA6MX27oA4FBFELFCZZ4S4XqeGOXCv68tT+jb3vk/RyaKWP0PTKyWtmLSM0b+adUTEvbs1PEaH2w=="
  "resolved" "https://registry.npmmirror.com/ms/-/ms-2.1.2.tgz"
  "version" "2.1.2"

"node-fetch@^2.6.1":
  "integrity" "sha512-ZjMPFEfVx5j+y2yF35Kzx5sF7kDzxuDj6ziH4FFbOp87zKDZNx8yExJIb05OGF4Nlt9IHFIMBkRl41VdvcNdbQ=="
  "resolved" "https://registry.npmmirror.com/node-fetch/-/node-fetch-2.6.7.tgz"
  "version" "2.6.7"
  dependencies:
    "whatwg-url" "^5.0.0"

"obsidian@latest":
  "integrity" "sha512-CQz+B2HSbhGVEBwZBL3rPl29ruOBmEhCbBmW7PIILnnRh6fFFvYy3kZLHVTUidzvRGZnEW/mQ7n9LXeJCp2a/Q=="
  "resolved" "https://registry.npmmirror.com/obsidian/-/obsidian-0.14.8.tgz"
  "version" "0.14.8"
  dependencies:
    "@codemirror/state" "^0.19.6"
    "@codemirror/view" "^0.19.31"
    "@types/codemirror" "0.0.108"
    "moment" "2.29.2"

"parse-entities@^2.0.0":
  "integrity" "sha512-kkywGpCcRYhqQIchaWqZ875wzpS/bMKhz5HnN3p7wveJTkTtyAB/AlnS0f8DFSqYW1T82t6yEAkEcB+A1I3MbQ=="
  "resolved" "https://registry.npmmirror.com/parse-entities/-/parse-entities-2.0.0.tgz"
  "version" "2.0.0"
  dependencies:
    "character-entities" "^1.0.0"
    "character-entities-legacy" "^1.0.0"
    "character-reference-invalid" "^1.0.0"
    "is-alphanumerical" "^1.0.0"
    "is-decimal" "^1.0.0"
    "is-hexadecimal" "^1.0.0"

"path-type@^4.0.0":
  "integrity" "sha512-gDKb8aZMDeD/tZWs9P6+q0J9Mwkdl6xMV8TjnGP3qJVJ06bdMgkbBlLU8IdfOsIsFz2BW1rNVT3XuNEl8zPAvw=="
  "resolved" "https://registry.npmmirror.com/path-type/-/path-type-4.0.0.tgz"
  "version" "4.0.0"

"picomatch@^2.3.1":
  "integrity" "sha512-JU3teHTNjmE2VCGFzuY8EXzCDVwEqB2a8fsIvwaStHhAWJEeVd1o1QD80CU6+ZdEXXSLbSsuLwJjkCBWqRQUVA=="
  "resolved" "https://registry.npmmirror.com/picomatch/-/picomatch-2.3.1.tgz"
  "version" "2.3.1"

"queue-microtask@^1.2.2":
  "integrity" "sha512-NuaNSa6flKT5JaSYQzJok04JzTL1CA6aGhv5rfLW3PgqA+M2ChpZQnAC8h8i4ZFkBS8X5RqkDBHA7r4hej3K9A=="
  "resolved" "https://registry.npmmirror.com/queue-microtask/-/queue-microtask-1.2.3.tgz"
  "version" "1.2.3"

"regexpp@^3.2.0":
  "integrity" "sha512-pq2bWo9mVD43nbts2wGv17XLiNLya+GklZ8kaDLV2Z08gDCsGpnKn9BFMepvWuHCbyVvY7J5o5+BVvoQbmlJLg=="
  "resolved" "https://registry.npmmirror.com/regexpp/-/regexpp-3.2.0.tgz"
  "version" "3.2.0"

"remark-gfm@^1.0.0":
  "integrity" "sha512-KfexHJCiqvrdBZVbQ6RopMZGwaXz6wFJEfByIuEwGf0arvITHjiKKZ1dpXujjH9KZdm1//XJQwgfnJ3lmXaDPA=="
  "resolved" "https://registry.npmmirror.com/remark-gfm/-/remark-gfm-1.0.0.tgz"
  "version" "1.0.0"
  dependencies:
    "mdast-util-gfm" "^0.1.0"
    "micromark-extension-gfm" "^0.3.0"

"remark-parse@^9.0.0":
  "integrity" "sha512-geKatMwSzEXKHuzBNU1z676sGcDcFoChMK38TgdHJNAYfFtsfHDQG7MoJAjs6sgYMqyLduCYWDIWZIxiPeafEw=="
  "resolved" "https://registry.npmmirror.com/remark-parse/-/remark-parse-9.0.0.tgz"
  "version" "9.0.0"
  dependencies:
    "mdast-util-from-markdown" "^0.8.0"

"repeat-string@^1.0.0":
  "integrity" "sha512-PV0dzCYDNfRi1jCDbJzpW7jNNDRuCOG/jI5ctQcGKt/clZD+YcPS3yIlWuTJMmESC8aevCFmWJy5wjAFgNqN6w=="
  "resolved" "https://registry.npmmirror.com/repeat-string/-/repeat-string-1.6.1.tgz"
  "version" "1.6.1"

"reusify@^1.0.4":
  "integrity" "sha512-U9nH88a3fc/ekCF1l0/UP1IosiuIjyTh7hBvXVMHYgVcfGvt897Xguj2UOLDeI5BG2m7/uwyaLVT6fbtCwTyzw=="
  "resolved" "https://registry.npmmirror.com/reusify/-/reusify-1.0.4.tgz"
  "version" "1.0.4"

"run-parallel@^1.1.9":
  "integrity" "sha512-5l4VyZR86LZ/lDxZTR6jqL8AFE2S0IFLMP26AbjsLVADxHdhB/c0GUsH+y39UfCi3dzz8OlQuPmnaJOMoDHQBA=="
  "resolved" "https://registry.npmmirror.com/run-parallel/-/run-parallel-1.2.0.tgz"
  "version" "1.2.0"
  dependencies:
    "queue-microtask" "^1.2.2"

"safer-buffer@>= 2.1.2 < 3":
  "integrity" "sha512-YZo3K82SD7Riyi0E1EQPojLz7kpepnSQI9IyPbHHg1XXXevb5dJI7tpyN2ADxGcQbHG7vcyRHk0cbwqcQriUtg=="
  "resolved" "https://registry.npmmirror.com/safer-buffer/-/safer-buffer-2.1.2.tgz"
  "version" "2.1.2"

"semver@^7.3.7":
  "integrity" "sha512-QlYTucUYOews+WeEujDoEGziz4K6c47V/Bd+LjSSYcA94p+DmINdf7ncaUinThfvZyu13lN9OY1XDxt8C0Tw0g=="
  "resolved" "https://registry.npmmirror.com/semver/-/semver-7.3.7.tgz"
  "version" "7.3.7"
  dependencies:
    "lru-cache" "^6.0.0"

"slash@^3.0.0":
  "integrity" "sha512-g9Q1haeby36OSStwb4ntCGGGaKsaVSjQ68fBxoQcutl5fS1vuY18H3wSt3jFyFtrkx+Kz0V1G85A4MyAdDMi2Q=="
  "resolved" "https://registry.npmmirror.com/slash/-/slash-3.0.0.tgz"
  "version" "3.0.0"

"sprintf-js@~1.0.2":
  "integrity" "sha512-D9cPgkvLlV3t3IzL0D0YLvGA9Ahk4PcvVwUbN0dSGr1aP0Nrt4AEnTUbuGvquEC0mA64Gqt1fzirlRs5ibXx8g=="
  "resolved" "https://registry.npmmirror.com/sprintf-js/-/sprintf-js-1.0.3.tgz"
  "version" "1.0.3"

"style-mod@^4.0.0":
  "integrity" "sha512-OPhtyEjyyN9x3nhPsu76f52yUGXiZcgvsrFVtvTkyGRQJ0XK+GPc6ov1z+lRpbeabka+MYEQxOYRnt5nF30aMw=="
  "resolved" "https://registry.npmmirror.com/style-mod/-/style-mod-4.0.0.tgz"
  "version" "4.0.0"

"to-regex-range@^5.0.1":
  "integrity" "sha512-65P7iz6X5yEr1cwcgvQxbbIw7Uk3gOy5dIdtZ4rDveLqhrdJP+Li/Hx6tyK0NEb+2GCyneCMJiGqrADCSNk8sQ=="
  "resolved" "https://registry.npmmirror.com/to-regex-range/-/to-regex-range-5.0.1.tgz"
  "version" "5.0.1"
  dependencies:
    "is-number" "^7.0.0"

"tr46@~0.0.3":
  "integrity" "sha512-N3WMsuqV66lT30CrXNbEjx4GEwlow3v6rr4mCcv6prnfwhS01rkgyFdjPNBYd9br7LpXV1+Emh01fHnq2Gdgrw=="
  "resolved" "https://registry.npmmirror.com/tr46/-/tr46-0.0.3.tgz"
  "version" "0.0.3"

"trough@^1.0.0":
  "integrity" "sha512-rvuRbTarPXmMb79SmzEp8aqXNKcK+y0XaB298IXueQ8I2PsrATcPBCSPyK/dDNa2iWOhKlfNnOjdAOTBU/nkFA=="
  "resolved" "https://registry.npmmirror.com/trough/-/trough-1.0.5.tgz"
  "version" "1.0.5"

"tslib@^1.8.1":
  "integrity" "sha512-Xni35NKzjgMrwevysHTCArtLDpPvye8zV/0E4EyYn43P7/7qvQwPh9BGkHewbMulVntbigmcT7rdX3BNo9wRJg=="
  "resolved" "https://registry.npmmirror.com/tslib/-/tslib-1.14.1.tgz"
  "version" "1.14.1"

"tslib@2.3.1":
  "integrity" "sha512-77EbyPPpMz+FRFRuAFlWMtmgUWGe9UOG2Z25NqCwiIjRhOf5iKGuzSe5P2w1laq+FkRy4p+PCuVkJSGkzTEKVw=="
  "resolved" "https://registry.npmmirror.com/tslib/-/tslib-2.3.1.tgz"
  "version" "2.3.1"

"tsutils@^3.21.0":
  "integrity" "sha512-mHKK3iUXL+3UF6xL5k0PEhKRUBKPBCv/+RkEOpjRWxxx27KKRBmmA60A9pgOUvMi8GKhRMPEmjBRPzs2W7O1OA=="
  "resolved" "https://registry.npmmirror.com/tsutils/-/tsutils-3.21.0.tgz"
  "version" "3.21.0"
  dependencies:
    "tslib" "^1.8.1"

"typescript@>=2.8.0 || >= 3.2.0-dev || >= 3.3.0-dev || >= 3.4.0-dev || >= 3.5.0-dev || >= 3.6.0-dev || >= 3.6.0-beta || >= 3.7.0-dev || >= 3.7.0-beta", "typescript@4.4.4":
  "integrity" "sha512-DqGhF5IKoBl8WNf8C1gu8q0xZSInh9j1kJJMqT3a94w1JzVaBU4EXOSMrz9yDqMT0xt3selp83fuFMQ0uzv6qA=="
  "resolved" "https://registry.npmmirror.com/typescript/-/typescript-4.4.4.tgz"
  "version" "4.4.4"

"unified@^9.2.1":
  "integrity" "sha512-Sg7j110mtefBD+qunSLO1lqOEKdrwBFBrR6Qd8f4uwkhWNlbkaqwHse6e7QvD3AP/MNoJdEDLaf8OxYyoWgorQ=="
  "resolved" "https://registry.npmmirror.com/unified/-/unified-9.2.2.tgz"
  "version" "9.2.2"
  dependencies:
    "bail" "^1.0.0"
    "extend" "^3.0.0"
    "is-buffer" "^2.0.0"
    "is-plain-obj" "^2.0.0"
    "trough" "^1.0.0"
    "vfile" "^4.0.0"

"unist-util-is@^4.0.0":
  "integrity" "sha512-ZOQSsnce92GrxSqlnEEseX0gi7GH9zTJZ0p9dtu87WRb/37mMPO2Ilx1s/t9vBHrFhbgweUwb+t7cIn5dxPhZg=="
  "resolved" "https://registry.npmmirror.com/unist-util-is/-/unist-util-is-4.1.0.tgz"
  "version" "4.1.0"

"unist-util-stringify-position@^2.0.0":
  "integrity" "sha512-3faScn5I+hy9VleOq/qNbAd6pAx7iH5jYBMS9I1HgQVijz/4mv5Bvw5iw1sC/90CODiKo81G/ps8AJrISn687g=="
  "resolved" "https://registry.npmmirror.com/unist-util-stringify-position/-/unist-util-stringify-position-2.0.3.tgz"
  "version" "2.0.3"
  dependencies:
    "@types/unist" "^2.0.2"

"unist-util-visit-parents@^3.0.0":
  "integrity" "sha512-1KROIZWo6bcMrZEwiH2UrXDyalAa0uqzWCxCJj6lPOvTve2WkfgCytoDTPaMnodXh1WrXOq0haVYHj99ynJlsg=="
  "resolved" "https://registry.npmmirror.com/unist-util-visit-parents/-/unist-util-visit-parents-3.1.1.tgz"
  "version" "3.1.1"
  dependencies:
    "@types/unist" "^2.0.0"
    "unist-util-is" "^4.0.0"

"vfile-message@^2.0.0":
  "integrity" "sha512-DjssxRGkMvifUOJre00juHoP9DPWuzjxKuMDrhNbk2TdaYYBNMStsNhEOt3idrtI12VQYM/1+iM0KOzXi4pxwQ=="
  "resolved" "https://registry.npmmirror.com/vfile-message/-/vfile-message-2.0.4.tgz"
  "version" "2.0.4"
  dependencies:
    "@types/unist" "^2.0.0"
    "unist-util-stringify-position" "^2.0.0"

"vfile@^4.0.0":
  "integrity" "sha512-O6AE4OskCG5S1emQ/4gl8zK586RqA3srz3nfK/Viy0UPToBc5Trp9BVFb1u0CjsKrAWwnpr4ifM/KBXPWwJbCA=="
  "resolved" "https://registry.npmmirror.com/vfile/-/vfile-4.2.1.tgz"
  "version" "4.2.1"
  dependencies:
    "@types/unist" "^2.0.0"
    "is-buffer" "^2.0.0"
    "unist-util-stringify-position" "^2.0.0"
    "vfile-message" "^2.0.0"

"w3c-keyname@^2.2.4":
  "integrity" "sha512-tOhfEwEzFLJzf6d1ZPkYfGj+FWhIpBux9ppoP3rlclw3Z0BZv3N7b7030Z1kYth+6rDuAsXUFr+d0VE6Ed1ikw=="
  "resolved" "https://registry.npmmirror.com/w3c-keyname/-/w3c-keyname-2.2.4.tgz"
  "version" "2.2.4"

"webidl-conversions@^3.0.0":
  "integrity" "sha512-2JAn3z8AR6rjK8Sm8orRC0h/bcl/DqL7tRPdGZ4I1CjdF+EaMLmYxBHyXuKL849eucPFhvBoxMsflfOb8kxaeQ=="
  "resolved" "https://registry.npmmirror.com/webidl-conversions/-/webidl-conversions-3.0.1.tgz"
  "version" "3.0.1"

"whatwg-url@^5.0.0":
  "integrity" "sha512-saE57nupxk6v3HY35+jzBwYa0rKSy0XR8JSxZPwgLr7ys0IBzhGviA1/TUGJLmSVqs8pb9AnvICXEuOHLprYTw=="
  "resolved" "https://registry.npmmirror.com/whatwg-url/-/whatwg-url-5.0.0.tgz"
  "version" "5.0.0"
  dependencies:
    "tr46" "~0.0.3"
    "webidl-conversions" "^3.0.0"

"yallist@^4.0.0":
  "integrity" "sha512-3wdGidZyq5PB084XLES5TpOSRA3wjXAlIWMhum2kRcv/41Sn2emQ0dycQW4uZXLejwKvg6EsvbdlVL+FYEct7A=="
  "resolved" "https://registry.npmmirror.com/yallist/-/yallist-4.0.0.tgz"
  "version" "4.0.0"

"yaml-front-matter@^4.1.1":
  "integrity" "sha512-ULGbghCLsN8Hs8vfExlqrJIe8Hl2TUjD7/zsIGMP8U+dgRXEsDXk4yydxeZJgdGiimP1XB7zhmhOB4/HyfqOyQ=="
  "resolved" "https://registry.npmmirror.com/yaml-front-matter/-/yaml-front-matter-4.1.1.tgz"
  "version" "4.1.1"
  dependencies:
    "commander" "^6.2.0"
    "js-yaml" "^3.14.1"

"yaml@^2.1.0":
  "integrity" "sha512-OuAINfTsoJrY5H7CBWnKZhX6nZciXBydrMtTHr1dC4nP40X5jyTIVlogZHxSlVZM8zSgXRfgZGsaHF4+pV+JRw=="
  "resolved" "https://registry.npmmirror.com/yaml/-/yaml-2.1.0.tgz"
  "version" "2.1.0"

"zwitch@^1.0.0":
  "integrity" "sha512-V50KMwwzqJV0NpZIZFwfOD5/lyny3WlSzRiXgA0G7VUnRlqttta1L6UQIHzd6EuBY/cHGfwTIck7w1yH6Q5zUw=="
  "resolved" "https://registry.npmmirror.com/zwitch/-/zwitch-1.0.5.tgz"
  "version" "1.0.5"
